
Microsoft Visual Studio Solution File, Format Version 12.00
# Visual Studio 15
VisualStudioVersion = 15.0.27004.2005
MinimumVisualStudioVersion = 10.0.40219.1
Project("{FAE04EC0-301F-11D3-BF4B-00C04F79EFBC}") = "MyFirstTree", "MyFirstTree\MyFirstTree.csproj", "{7F839DB5-4E18-4712-9B87-5693FF981660}"
EndProject
Global
	GlobalSection(SolutionConfigurationPlatforms) = preSolution
		Debug|Any CPU = Debug|Any CPU
		Release|Any CPU = Release|Any CPU
	EndGlobalSection
	GlobalSection(ProjectConfigurationPlatforms) = postSolution
		{7F839DB5-4E18-4712-9B87-5693FF981660}.Debug|Any CPU.ActiveCfg = Debug|Any CPU
		{7F839DB5-4E18-4712-9B87-5693FF981660}.Debug|Any CPU.Build.0 = Debug|Any CPU
		{7F839DB5-4E18-4712-9B87-5693FF981660}.Release|Any CPU.ActiveCfg = Release|Any CPU
		{7F839DB5-4E18-4712-9B87-5693FF981660}.Release|Any CPU.Build.0 = Release|Any CPU
	EndGlobalSection
	GlobalSection(SolutionProperties) = preSolution
		HideSolutionNode = FALSE
	EndGlobalSection
	GlobalSection(ExtensibilityGlobals) = postSolution
		SolutionGuid = {44B1680C-C010-45E8-AAD2-ED4C2C8F0C42}
	EndGlobalSection
EndGlobal
